
Microsoft Visual Studio Solution File, Format Version 12.00
# Visual Studio Version 17
VisualStudioVersion = 17.8.34525.116
MinimumVisualStudioVersion = 10.0.40219.1
Project("{8BC9CEB8-8B4A-11D0-8D11-00A0C91BC942}") = "RNA-Hendrice-Melis-Lejeune", "RNA-Hendrice-Melis-Lejeune.vcxproj", "{9EE695EE-78DF-49E4-856A-85B7B7909FDA}"
EndProject
Global
	GlobalSection(SolutionConfigurationPlatforms) = preSolution
		Debug|x64 = Debug|x64
		Debug|x86 = Debug|x86
		Release|x64 = Release|x64
		Release|x86 = Release|x86
	EndGlobalSection
	GlobalSection(ProjectConfigurationPlatforms) = postSolution
		{9EE695EE-78DF-49E4-856A-85B7B7909FDA}.Debug|x64.ActiveCfg = Debug|x64
		{9EE695EE-78DF-49E4-856A-85B7B7909FDA}.Debug|x64.Build.0 = Debug|x64
		{9EE695EE-78DF-49E4-856A-85B7B7909FDA}.Debug|x86.ActiveCfg = Debug|x64
		{9EE695EE-78DF-49E4-856A-85B7B7909FDA}.Debug|x86.Build.0 = Debug|x64
		{9EE695EE-78DF-49E4-856A-85B7B7909FDA}.Release|x64.ActiveCfg = Release|x64
		{9EE695EE-78DF-49E4-856A-85B7B7909FDA}.Release|x64.Build.0 = Release|x64
		{9EE695EE-78DF-49E4-856A-85B7B7909FDA}.Release|x86.ActiveCfg = Release|x64
		{9EE695EE-78DF-49E4-856A-85B7B7909FDA}.Release|x86.Build.0 = Release|x64
	EndGlobalSection
	GlobalSection(SolutionProperties) = preSolution
		HideSolutionNode = FALSE
	EndGlobalSection
	GlobalSection(ExtensibilityGlobals) = postSolution
		SolutionGuid = {ACB21415-EA3E-4D8F-AB5B-B530AB43BF0F}
	EndGlobalSection
EndGlobal
